// !$*UTF8*$!
{
	archiveVersion = 1;
	classes = {
	};
	objectVersion = 50;
	objects = {

/* Begin PBXBuildFile section */
		BFF957EA2573785300DE1EB6 /* AppDelegate.swift in Sources */ = {isa = PBXBuildFile; fileRef = BFF957E92573785300DE1EB6 /* AppDelegate.swift */; };
		BFF957EC2573785300DE1EB6 /* SceneDelegate.swift in Sources */ = {isa = PBXBuildFile; fileRef = BFF957EB2573785300DE1EB6 /* SceneDelegate.swift */; };
		BFF957EE2573785300DE1EB6 /* ViewController.swift in Sources */ = {isa = PBXBuildFile; fileRef = BFF957ED2573785300DE1EB6 /* ViewController.swift */; };
		BFF957F12573785300DE1EB6 /* Main.storyboard in Resources */ = {isa = PBXBuildFile; fileRef = BFF957EF2573785300DE1EB6 /* Main.storyboard */; };
		BFF957F32573785600DE1EB6 /* Assets.xcassets in Resources */ = {isa = PBXBuildFile; fileRef = BFF957F22573785600DE1EB6 /* Assets.xcassets */; };
		BFF957F62573785600DE1EB6 /* LaunchScreen.storyboard in Resources */ = {isa = PBXBuildFile; fileRef = BFF957F42573785600DE1EB6 /* LaunchScreen.storyboard */; };
		BFF958012573785600DE1EB6 /* TechMonTests.swift in Sources */ = {isa = PBXBuildFile; fileRef = BFF958002573785600DE1EB6 /* TechMonTests.swift */; };
		BFF9580C2573785600DE1EB6 /* TechMonUITests.swift in Sources */ = {isa = PBXBuildFile; fileRef = BFF9580B2573785600DE1EB6 /* TechMonUITests.swift */; };
/* End PBXBuildFile section */

/* Begin PBXContainerItemProxy section */
		BFF957FD2573785600DE1EB6 /* PBXContainerItemProxy */ = {
			isa = PBXContainerItemProxy;
			containerPortal = BFF957DE2573785300DE1EB6 /* Project object */;
			proxyType = 1;
			remoteGlobalIDString = BFF957E52573785300DE1EB6;
			remoteInfo = TechMon;
		};
		BFF958082573785600DE1EB6 /* PBXContainerItemProxy */ = {
			isa = PBXContainerItemProxy;
			containerPortal = BFF957DE2573785300DE1EB6 /* Project object */;
			proxyType = 1;
			remoteGlobalIDString = BFF957E52573785300DE1EB6;
			remoteInfo = TechMon;
		};
/* End PBXContainerItemProxy section */

/* Begin PBXFileReference section */
		BFF957E62573785300DE1EB6 /* TechMon.app */ = {isa = PBXFileReference; explicitFileType = wrapper.application; includeInIndex = 0; path = TechMon.app; sourceTree = BUILT_PRODUCTS_DIR; };
		BFF957E92573785300DE1EB6 /* AppDelegate.swift */ = {isa = PBXFileReference; lastKnownFileType = sourcecode.swift; path = AppDelegate.swift; sourceTree = "<group>"; };
		BFF957EB2573785300DE1EB6 /* SceneDelegate.swift */ = {isa = PBXFileReference; lastKnownFileType = sourcecode.swift; path = SceneDelegate.swift; sourceTree = "<group>"; };
		BFF957ED2573785300DE1EB6 /* ViewController.swift */ = {isa = PBXFileReference; lastKnownFileType = sourcecode.swift; path = ViewController.swift; sourceTree = "<group>"; };
		BFF957F02573785300DE1EB6 /* Base */ = {isa = PBXFileReference; lastKnownFileType = file.storyboard; name = Base; path = Base.lproj/Main.storyboard; sourceTree = "<group>"; };
		BFF957F22573785600DE1EB6 /* Assets.xcassets */ = {isa = PBXFileReference; lastKnownFileType = folder.assetcatalog; path = Assets.xcassets; sourceTree = "<group>"; };
		BFF957F52573785600DE1EB6 /* Base */ = {isa = PBXFileReference; lastKnownFileType = file.storyboard; name = Base; path = Base.lproj/LaunchScreen.storyboard; sourceTree = "<group>"; };
		BFF957F72573785600DE1EB6 /* Info.plist */ = {isa = PBXFileReference; lastKnownFileType = text.plist.xml; path = Info.plist; sourceTree = "<group>"; };
		BFF957FC2573785600DE1EB6 /* TechMonTests.xctest */ = {isa = PBXFileReference; explicitFileType = wrapper.cfbundle; includeInIndex = 0; path = TechMonTests.xctest; sourceTree = BUILT_PRODUCTS_DIR; };
		BFF958002573785600DE1EB6 /* TechMonTests.swift */ = {isa = PBXFileReference; lastKnownFileType = sourcecode.swift; path = TechMonTests.swift; sourceTree = "<group>"; };
		BFF958022573785600DE1EB6 /* Info.plist */ = {isa = PBXFileReference; lastKnownFileType = text.plist.xml; path = Info.plist; sourceTree = "<group>"; };
		BFF958072573785600DE1EB6 /* TechMonUITests.xctest */ = {isa = PBXFileReference; explicitFileType = wrapper.cfbundle; includeInIndex = 0; path = TechMonUITests.xctest; sourceTree = BUILT_PRODUCTS_DIR; };
		BFF9580B2573785600DE1EB6 /* TechMonUITests.swift */ = {isa = PBXFileReference; lastKnownFileType = sourcecode.swift; path = TechMonUITests.swift; sourceTree = "<group>"; };
		BFF9580D2573785600DE1EB6 /* Info.plist */ = {isa = PBXFileReference; lastKnownFileType = text.plist.xml; path = Info.plist; sourceTree = "<group>"; };
/* End PBXFileReference section */

/* Begin PBXFrameworksBuildPhase section */
		BFF957E32573785300DE1EB6 /* Frameworks */ = {
			isa = PBXFrameworksBuildPhase;
			buildActionMask = 2147483647;
			files = (
			);
			runOnlyForDeploymentPostprocessing = 0;
		};
		BFF957F92573785600DE1EB6 /* Frameworks */ = {
			isa = PBXFrameworksBuildPhase;
			buildActionMask = 2147483647;
			files = (
			);
			runOnlyForDeploymentPostprocessing = 0;
		};
		BFF958042573785600DE1EB6 /* Frameworks */ = {
			isa = PBXFrameworksBuildPhase;
			buildActionMask = 2147483647;
			files = (
			);
			runOnlyForDeploymentPostprocessing = 0;
		};
/* End PBXFrameworksBuildPhase section */

/* Begin PBXGroup section */
		BFF957DD2573785300DE1EB6 = {
			isa = PBXGroup;
			children = (
				BFF957E82573785300DE1EB6 /* TechMon */,
				BFF957FF2573785600DE1EB6 /* TechMonTests */,
				BFF9580A2573785600DE1EB6 /* TechMonUITests */,
				BFF957E72573785300DE1EB6 /* Products */,
			);
			sourceTree = "<group>";
		};
		BFF957E72573785300DE1EB6 /* Products */ = {
			isa = PBXGroup;
			children = (
				BFF957E62573785300DE1EB6 /* TechMon.app */,
				BFF957FC2573785600DE1EB6 /* TechMonTests.xctest */,
				BFF958072573785600DE1EB6 /* TechMonUITests.xctest */,
			);
			name = Products;
			sourceTree = "<group>";
		};
		BFF957E82573785300DE1EB6 /* TechMon */ = {
			isa = PBXGroup;
			children = (
				BFF957E92573785300DE1EB6 /* AppDelegate.swift */,
				BFF957EB2573785300DE1EB6 /* SceneDelegate.swift */,
				BFF957ED2573785300DE1EB6 /* ViewController.swift */,
				BFF957EF2573785300DE1EB6 /* Main.storyboard */,
				BFF957F22573785600DE1EB6 /* Assets.xcassets */,
				BFF957F42573785600DE1EB6 /* LaunchScreen.storyboard */,
				BFF957F72573785600DE1EB6 /* Info.plist */,
			);
			path = TechMon;
			sourceTree = "<group>";
		};
		BFF957FF2573785600DE1EB6 /* TechMonTests */ = {
			isa = PBXGroup;
			children = (
				BFF958002573785600DE1EB6 /* TechMonTests.swift */,
				BFF958022573785600DE1EB6 /* Info.plist */,
			);
			path = TechMonTests;
			sourceTree = "<group>";
		};
		BFF9580A2573785600DE1EB6 /* TechMonUITests */ = {
			isa = PBXGroup;
			children = (
				BFF9580B2573785600DE1EB6 /* TechMonUITests.swift */,
				BFF9580D2573785600DE1EB6 /* Info.plist */,
			);
			path = TechMonUITests;
			sourceTree = "<group>";
		};
/* End PBXGroup section */

/* Begin PBXNativeTarget section */
		BFF957E52573785300DE1EB6 /* TechMon */ = {
			isa = PBXNativeTarget;
			buildConfigurationList = BFF958102573785600DE1EB6 /* Build configuration list for PBXNativeTarget "TechMon" */;
			buildPhases = (
				BFF957E22573785300DE1EB6 /* Sources */,
				BFF957E32573785300DE1EB6 /* Frameworks */,
				BFF957E42573785300DE1EB6 /* Resources */,
			);
			buildRules = (
			);
			dependencies = (
			);
			name = TechMon;
			productName = TechMon;
			productReference = BFF957E62573785300DE1EB6 /* TechMon.app */;
			productType = "com.apple.product-type.application";
		};
		BFF957FB2573785600DE1EB6 /* TechMonTests */ = {
			isa = PBXNativeTarget;
			buildConfigurationList = BFF958132573785600DE1EB6 /* Build configuration list for PBXNativeTarget "TechMonTests" */;
			buildPhases = (
				BFF957F82573785600DE1EB6 /* Sources */,
				BFF957F92573785600DE1EB6 /* Frameworks */,
				BFF957FA2573785600DE1EB6 /* Resources */,
			);
			buildRules = (
			);
			dependencies = (
				BFF957FE2573785600DE1EB6 /* PBXTargetDependency */,
			);
			name = TechMonTests;
			productName = TechMonTests;
			productReference = BFF957FC2573785600DE1EB6 /* TechMonTests.xctest */;
			productType = "com.apple.product-type.bundle.unit-test";
		};
		BFF958062573785600DE1EB6 /* TechMonUITests */ = {
			isa = PBXNativeTarget;
			buildConfigurationList = BFF958162573785600DE1EB6 /* Build configuration list for PBXNativeTarget "TechMonUITests" */;
			buildPhases = (
				BFF958032573785600DE1EB6 /* Sources */,
				BFF958042573785600DE1EB6 /* Frameworks */,
				BFF958052573785600DE1EB6 /* Resources */,
			);
			buildRules = (
			);
			dependencies = (
				BFF958092573785600DE1EB6 /* PBXTargetDependency */,
			);
			name = TechMonUITests;
			productName = TechMonUITests;
			productReference = BFF958072573785600DE1EB6 /* TechMonUITests.xctest */;
			productType = "com.apple.product-type.bundle.ui-testing";
		};
/* End PBXNativeTarget section */

/* Begin PBXProject section */
		BFF957DE2573785300DE1EB6 /* Project object */ = {
			isa = PBXProject;
			attributes = {
				LastSwiftUpdateCheck = 1160;
				LastUpgradeCheck = 1160;
				ORGANIZATIONNAME = "Kawamoto Juna";
				TargetAttributes = {
					BFF957E52573785300DE1EB6 = {
						CreatedOnToolsVersion = 11.6;
					};
					BFF957FB2573785600DE1EB6 = {
						CreatedOnToolsVersion = 11.6;
						TestTargetID = BFF957E52573785300DE1EB6;
					};
					BFF958062573785600DE1EB6 = {
						CreatedOnToolsVersion = 11.6;
						TestTargetID = BFF957E52573785300DE1EB6;
					};
				};
			};
			buildConfigurationList = BFF957E12573785300DE1EB6 /* Build configuration list for PBXProject "TechMon" */;
			compatibilityVersion = "Xcode 9.3";
			developmentRegion = en;
			hasScannedForEncodings = 0;
			knownRegions = (
				en,
				Base,
			);
			mainGroup = BFF957DD2573785300DE1EB6;
			productRefGroup = BFF957E72573785300DE1EB6 /* Products */;
			projectDirPath = "";
			projectRoot = "";
			targets = (
				BFF957E52573785300DE1EB6 /* TechMon */,
				BFF957FB2573785600DE1EB6 /* TechMonTests */,
				BFF958062573785600DE1EB6 /* TechMonUITests */,
			);
		};
/* End PBXProject section */

/* Begin PBXResourcesBuildPhase section */
		BFF957E42573785300DE1EB6 /* Resources */ = {
			isa = PBXResourcesBuildPhase;
			buildActionMask = 2147483647;
			files = (
				BFF957F62573785600DE1EB6 /* LaunchScreen.storyboard in Resources */,
				BFF957F32573785600DE1EB6 /* Assets.xcassets in Resources */,
				BFF957F12573785300DE1EB6 /* Main.storyboard in Resources */,
			);
			runOnlyForDeploymentPostprocessing = 0;
		};
		BFF957FA2573785600DE1EB6 /* Resources */ = {
			isa = PBXResourcesBuildPhase;
			buildActionMask = 2147483647;
			files = (
			);
			runOnlyForDeploymentPostprocessing = 0;
		};
		BFF958052573785600DE1EB6 /* Resources */ = {
			isa = PBXResourcesBuildPhase;
			buildActionMask = 2147483647;
			files = (
			);
			runOnlyForDeploymentPostprocessing = 0;
		};
/* End PBXResourcesBuildPhase section */

/* Begin PBXSourcesBuildPhase section */
		BFF957E22573785300DE1EB6 /* Sources */ = {
			isa = PBXSourcesBuildPhase;
			buildActionMask = 2147483647;
			files = (
				BFF957EE2573785300DE1EB6 /* ViewController.swift in Sources */,
				BFF957EA2573785300DE1EB6 /* AppDelegate.swift in Sources */,
				BFF957EC2573785300DE1EB6 /* SceneDelegate.swift in Sources */,
			);
			runOnlyForDeploymentPostprocessing = 0;
		};
		BFF957F82573785600DE1EB6 /* Sources */ = {
			isa = PBXSourcesBuildPhase;
			buildActionMask = 2147483647;
			files = (
				BFF958012573785600DE1EB6 /* TechMonTests.swift in Sources */,
			);
			runOnlyForDeploymentPostprocessing = 0;
		};
		BFF958032573785600DE1EB6 /* Sources */ = {
			isa = PBXSourcesBuildPhase;
			buildActionMask = 2147483647;
			files = (
				BFF9580C2573785600DE1EB6 /* TechMonUITests.swift in Sources */,
			);
			runOnlyForDeploymentPostprocessing = 0;
		};
/* End PBXSourcesBuildPhase section */

/* Begin PBXTargetDependency section */
		BFF957FE2573785600DE1EB6 /* PBXTargetDependency */ = {
			isa = PBXTargetDependency;
			target = BFF957E52573785300DE1EB6 /* TechMon */;
			targetProxy = BFF957FD2573785600DE1EB6 /* PBXContainerItemProxy */;
		};
		BFF958092573785600DE1EB6 /* PBXTargetDependency */ = {
			isa = PBXTargetDependency;
			target = BFF957E52573785300DE1EB6 /* TechMon */;
			targetProxy = BFF958082573785600DE1EB6 /* PBXContainerItemProxy */;
		};
/* End PBXTargetDependency section */

/* Begin PBXVariantGroup section */
		BFF957EF2573785300DE1EB6 /* Main.storyboard */ = {
			isa = PBXVariantGroup;
			children = (
				BFF957F02573785300DE1EB6 /* Base */,
			);
			name = Main.storyboard;
			sourceTree = "<group>";
		};
		BFF957F42573785600DE1EB6 /* LaunchScreen.storyboard */ = {
			isa = PBXVariantGroup;
			children = (
				BFF957F52573785600DE1EB6 /* Base */,
			);
			name = LaunchScreen.storyboard;
			sourceTree = "<group>";
		};
/* End PBXVariantGroup section */

/* Begin XCBuildConfiguration section */
		BFF9580E2573785600DE1EB6 /* Debug */ = {
			isa = XCBuildConfiguration;
			buildSettings = {
				ALWAYS_SEARCH_USER_PATHS = NO;
				CLANG_ANALYZER_NONNULL = YES;
				CLANG_ANALYZER_NUMBER_OBJECT_CONVERSION = YES_AGGRESSIVE;
				CLANG_CXX_LANGUAGE_STANDARD = "gnu++14";
				CLANG_CXX_LIBRARY = "libc++";
				CLANG_ENABLE_MODULES = YES;
				CLANG_ENABLE_OBJC_ARC = YES;
				CLANG_ENABLE_OBJC_WEAK = YES;
				CLANG_WARN_BLOCK_CAPTURE_AUTORELEASING = YES;
				CLANG_WARN_BOOL_CONVERSION = YES;
				CLANG_WARN_COMMA = YES;
				CLANG_WARN_CONSTANT_CONVERSION = YES;
				CLANG_WARN_DEPRECATED_OBJC_IMPLEMENTATIONS = YES;
				CLANG_WARN_DIRECT_OBJC_ISA_USAGE = YES_ERROR;
				CLANG_WARN_DOCUMENTATION_COMMENTS = YES;
				CLANG_WARN_EMPTY_BODY = YES;
				CLANG_WARN_ENUM_CONVERSION = YES;
				CLANG_WARN_INFINITE_RECURSION = YES;
				CLANG_WARN_INT_CONVERSION = YES;
				CLANG_WARN_NON_LITERAL_NULL_CONVERSION = YES;
				CLANG_WARN_OBJC_IMPLICIT_RETAIN_SELF = YES;
				CLANG_WARN_OBJC_LITERAL_CONVERSION = YES;
				CLANG_WARN_OBJC_ROOT_CLASS = YES_ERROR;
				CLANG_WARN_RANGE_LOOP_ANALYSIS = YES;
				CLANG_WARN_STRICT_PROTOTYPES = YES;
				CLANG_WARN_SUSPICIOUS_MOVE = YES;
				CLANG_WARN_UNGUARDED_AVAILABILITY = YES_AGGRESSIVE;
				CLANG_WARN_UNREACHABLE_CODE = YES;
				CLANG_WARN__DUPLICATE_METHOD_MATCH = YES;
				COPY_PHASE_STRIP = NO;
				DEBUG_INFORMATION_FORMAT = dwarf;
				ENABLE_STRICT_OBJC_MSGSEND = YES;
				ENABLE_TESTABILITY = YES;
				GCC_C_LANGUAGE_STANDARD = gnu11;
				GCC_DYNAMIC_NO_PIC = NO;
				GCC_NO_COMMON_BLOCKS = YES;
				GCC_OPTIMIZATION_LEVEL = 0;
				GCC_PREPROCESSOR_DEFINITIONS = (
					"DEBUG=1",
					"$(inherited)",
				);
				GCC_WARN_64_TO_32_BIT_CONVERSION = YES;
				GCC_WARN_ABOUT_RETURN_TYPE = YES_ERROR;
				GCC_WARN_UNDECLARED_SELECTOR = YES;
				GCC_WARN_UNINITIALIZED_AUTOS = YES_AGGRESSIVE;
				GCC_WARN_UNUSED_FUNCTION = YES;
				GCC_WARN_UNUSED_VARIABLE = YES;
				IPHONEOS_DEPLOYMENT_TARGET = 13.6;
				MTL_ENABLE_DEBUG_INFO = INCLUDE_SOURCE;
				MTL_FAST_MATH = YES;
				ONLY_ACTIVE_ARCH = YES;
				SDKROOT = iphoneos;
				SWIFT_ACTIVE_COMPILATION_CONDITIONS = DEBUG;
				SWIFT_OPTIMIZATION_LEVEL = "-Onone";
			};
			name = Debug;
		};
		BFF9580F2573785600DE1EB6 /* Release */ = {
			isa = XCBuildConfiguration;
			buildSettings = {
				ALWAYS_SEARCH_USER_PATHS = NO;
				CLANG_ANALYZER_NONNULL = YES;
				CLANG_ANALYZER_NUMBER_OBJECT_CONVERSION = YES_AGGRESSIVE;
				CLANG_CXX_LANGUAGE_STANDARD = "gnu++14";
				CLANG_CXX_LIBRARY = "libc++";
				CLANG_ENABLE_MODULES = YES;
				CLANG_ENABLE_OBJC_ARC = YES;
				CLANG_ENABLE_OBJC_WEAK = YES;
				CLANG_WARN_BLOCK_CAPTURE_AUTORELEASING = YES;
				CLANG_WARN_BOOL_CONVERSION = YES;
				CLANG_WARN_COMMA = YES;
				CLANG_WARN_CONSTANT_CONVERSION = YES;
				CLANG_WARN_DEPRECATED_OBJC_IMPLEMENTATIONS = YES;
				CLANG_WARN_DIRECT_OBJC_ISA_USAGE = YES_ERROR;
				CLANG_WARN_DOCUMENTATION_COMMENTS = YES;
				CLANG_WARN_EMPTY_BODY = YES;
				CLANG_WARN_ENUM_CONVERSION = YES;
				CLANG_WARN_INFINITE_RECURSION = YES;
				CLANG_WARN_INT_CONVERSION = YES;
				CLANG_WARN_NON_LITERAL_NULL_CONVERSION = YES;
				CLANG_WARN_OBJC_IMPLICIT_RETAIN_SELF = YES;
				CLANG_WARN_OBJC_LITERAL_CONVERSION = YES;
				CLANG_WARN_OBJC_ROOT_CLASS = YES_ERROR;
				CLANG_WARN_RANGE_LOOP_ANALYSIS = YES;
				CLANG_WARN_STRICT_PROTOTYPES = YES;
				CLANG_WARN_SUSPICIOUS_MOVE = YES;
				CLANG_WARN_UNGUARDED_AVAILABILITY = YES_AGGRESSIVE;
				CLANG_WARN_UNREACHABLE_CODE = YES;
				CLANG_WARN__DUPLICATE_METHOD_MATCH = YES;
				COPY_PHASE_STRIP = NO;
				DEBUG_INFORMATION_FORMAT = "dwarf-with-dsym";
				ENABLE_NS_ASSERTIONS = NO;
				ENABLE_STRICT_OBJC_MSGSEND = YES;
				GCC_C_LANGUAGE_STANDARD = gnu11;
				GCC_NO_COMMON_BLOCKS = YES;
				GCC_WARN_64_TO_32_BIT_CONVERSION = YES;
				GCC_WARN_ABOUT_RETURN_TYPE = YES_ERROR;
				GCC_WARN_UNDECLARED_SELECTOR = YES;
				GCC_WARN_UNINITIALIZED_AUTOS = YES_AGGRESSIVE;
				GCC_WARN_UNUSED_FUNCTION = YES;
				GCC_WARN_UNUSED_VARIABLE = YES;
				IPHONEOS_DEPLOYMENT_TARGET = 13.6;
				MTL_ENABLE_DEBUG_INFO = NO;
				MTL_FAST_MATH = YES;
				SDKROOT = iphoneos;
				SWIFT_COMPILATION_MODE = wholemodule;
				SWIFT_OPTIMIZATION_LEVEL = "-O";
				VALIDATE_PRODUCT = YES;
			};
			name = Release;
		};
		BFF958112573785600DE1EB6 /* Debug */ = {
			isa = XCBuildConfiguration;
			buildSettings = {
				ASSETCATALOG_COMPILER_APPICON_NAME = AppIcon;
				CODE_SIGN_STYLE = Automatic;
				INFOPLIST_FILE = TechMon/Info.plist;
				LD_RUNPATH_SEARCH_PATHS = (
					"$(inherited)",
					"@executable_path/Frameworks",
				);
				PRODUCT_BUNDLE_IDENTIFIER = com.lifech.TechMon;
				PRODUCT_NAME = "$(TARGET_NAME)";
				SWIFT_VERSION = 5.0;
				TARGETED_DEVICE_FAMILY = "1,2";
			};
			name = Debug;
		};
		BFF958122573785600DE1EB6 /* Release */ = {
			isa = XCBuildConfiguration;
			buildSettings = {
				ASSETCATALOG_COMPILER_APPICON_NAME = AppIcon;
				CODE_SIGN_STYLE = Automatic;
				INFOPLIST_FILE = TechMon/Info.plist;
				LD_RUNPATH_SEARCH_PATHS = (
					"$(inherited)",
					"@executable_path/Frameworks",
				);
				PRODUCT_BUNDLE_IDENTIFIER = com.lifech.TechMon;
				PRODUCT_NAME = "$(TARGET_NAME)";
				SWIFT_VERSION = 5.0;
				TARGETED_DEVICE_FAMILY = "1,2";
			};
			name = Release;
		};
		BFF958142573785600DE1EB6 /* Debug */ = {
			isa = XCBuildConfiguration;
			buildSettings = {
				ALWAYS_EMBED_SWIFT_STANDARD_LIBRARIES = YES;
				BUNDLE_LOADER = "$(TEST_HOST)";
				CODE_SIGN_STYLE = Automatic;
				INFOPLIST_FILE = TechMonTests/Info.plist;
				IPHONEOS_DEPLOYMENT_TARGET = 13.6;
				LD_RUNPATH_SEARCH_PATHS = (
					"$(inherited)",
					"@executable_path/Frameworks",
					"@loader_path/Frameworks",
				);
				PRODUCT_BUNDLE_IDENTIFIER = com.lifech.TechMonTests;
				PRODUCT_NAME = "$(TARGET_NAME)";
				SWIFT_VERSION = 5.0;
				TARGETED_DEVICE_FAMILY = "1,2";
				TEST_HOST = "$(BUILT_PRODUCTS_DIR)/TechMon.app/TechMon";
			};
			name = Debug;
		};
		BFF958152573785600DE1EB6 /* Release */ = {
			isa = XCBuildConfiguration;
			buildSettings = {
				ALWAYS_EMBED_SWIFT_STANDARD_LIBRARIES = YES;
				BUNDLE_LOADER = "$(TEST_HOST)";
				CODE_SIGN_STYLE = Automatic;
				INFOPLIST_FILE = TechMonTests/Info.plist;
				IPHONEOS_DEPLOYMENT_TARGET = 13.6;
				LD_RUNPATH_SEARCH_PATHS = (
					"$(inherited)",
					"@executable_path/Frameworks",
					"@loader_path/Frameworks",
				);
				PRODUCT_BUNDLE_IDENTIFIER = com.lifech.TechMonTests;
				PRODUCT_NAME = "$(TARGET_NAME)";
				SWIFT_VERSION = 5.0;
				TARGETED_DEVICE_FAMILY = "1,2";
				TEST_HOST = "$(BUILT_PRODUCTS_DIR)/TechMon.app/TechMon";
			};
			name = Release;
		};
		BFF958172573785600DE1EB6 /* Debug */ = {
			isa = XCBuildConfiguration;
			buildSettings = {
				ALWAYS_EMBED_SWIFT_STANDARD_LIBRARIES = YES;
				CODE_SIGN_STYLE = Automatic;
				INFOPLIST_FILE = TechMonUITests/Info.plist;
				LD_RUNPATH_SEARCH_PATHS = (
					"$(inherited)",
					"@executable_path/Frameworks",
					"@loader_path/Frameworks",
				);
				PRODUCT_BUNDLE_IDENTIFIER = com.lifech.TechMonUITests;
				PRODUCT_NAME = "$(TARGET_NAME)";
				SWIFT_VERSION = 5.0;
				TARGETED_DEVICE_FAMILY = "1,2";
				TEST_TARGET_NAME = TechMon;
			};
			name = Debug;
		};
		BFF958182573785600DE1EB6 /* Release */ = {
			isa = XCBuildConfiguration;
			buildSettings = {
				ALWAYS_EMBED_SWIFT_STANDARD_LIBRARIES = YES;
				CODE_SIGN_STYLE = Automatic;
				INFOPLIST_FILE = TechMonUITests/Info.plist;
				LD_RUNPATH_SEARCH_PATHS = (
					"$(inherited)",
					"@executable_path/Frameworks",
					"@loader_path/Frameworks",
				);
				PRODUCT_BUNDLE_IDENTIFIER = com.lifech.TechMonUITests;
				PRODUCT_NAME = "$(TARGET_NAME)";
				SWIFT_VERSION = 5.0;
				TARGETED_DEVICE_FAMILY = "1,2";
				TEST_TARGET_NAME = TechMon;
			};
			name = Release;
		};
/* End XCBuildConfiguration section */

/* Begin XCConfigurationList section */
		BFF957E12573785300DE1EB6 /* Build configuration list for PBXProject "TechMon" */ = {
			isa = XCConfigurationList;
			buildConfigurations = (
				BFF9580E2573785600DE1EB6 /* Debug */,
				BFF9580F2573785600DE1EB6 /* Release */,
			);
			defaultConfigurationIsVisible = 0;
			defaultConfigurationName = Release;
		};
		BFF958102573785600DE1EB6 /* Build configuration list for PBXNativeTarget "TechMon" */ = {
			isa = XCConfigurationList;
			buildConfigurations = (
				BFF958112573785600DE1EB6 /* Debug */,
				BFF958122573785600DE1EB6 /* Release */,
			);
			defaultConfigurationIsVisible = 0;
			defaultConfigurationName = Release;
		};
		BFF958132573785600DE1EB6 /* Build configuration list for PBXNativeTarget "TechMonTests" */ = {
			isa = XCConfigurationList;
			buildConfigurations = (
				BFF958142573785600DE1EB6 /* Debug */,
				BFF958152573785600DE1EB6 /* Release */,
			);
			defaultConfigurationIsVisible = 0;
			defaultConfigurationName = Release;
		};
		BFF958162573785600DE1EB6 /* Build configuration list for PBXNativeTarget "TechMonUITests" */ = {
			isa = XCConfigurationList;
			buildConfigurations = (
				BFF958172573785600DE1EB6 /* Debug */,
				BFF958182573785600DE1EB6 /* Release */,
			);
			defaultConfigurationIsVisible = 0;
			defaultConfigurationName = Release;
		};
/* End XCConfigurationList section */
	};
	rootObject = BFF957DE2573785300DE1EB6 /* Project object */;
}
